
Microsoft Visual Studio Solution File, Format Version 12.00
# Visual Studio Version 17
VisualStudioVersion = 17.1.32328.378
MinimumVisualStudioVersion = 10.0.40219.1
Project("{FAE04EC0-301F-11D3-BF4B-00C04F79EFBC}") = "InspectionAPI", "InspectionAPI\InspectionAPI.csproj", "{0D7E7DB8-EC27-427C-AF8C-3BF1419EB8DF}"
EndProject
Global
	GlobalSection(SolutionConfigurationPlatforms) = preSolution
		Debug|Any CPU = Debug|Any CPU
		Release|Any CPU = Release|Any CPU
	EndGlobalSection
	GlobalSection(ProjectConfigurationPlatforms) = postSolution
		{0D7E7DB8-EC27-427C-AF8C-3BF1419EB8DF}.Debug|Any CPU.ActiveCfg = Debug|Any CPU
		{0D7E7DB8-EC27-427C-AF8C-3BF1419EB8DF}.Debug|Any CPU.Build.0 = Debug|Any CPU
		{0D7E7DB8-EC27-427C-AF8C-3BF1419EB8DF}.Release|Any CPU.ActiveCfg = Release|Any CPU
		{0D7E7DB8-EC27-427C-AF8C-3BF1419EB8DF}.Release|Any CPU.Build.0 = Release|Any CPU
	EndGlobalSection
	GlobalSection(SolutionProperties) = preSolution
		HideSolutionNode = FALSE
	EndGlobalSection
	GlobalSection(ExtensibilityGlobals) = postSolution
		SolutionGuid = {561E6B28-0AF8-4A2D-8EB9-0C4B091F7C8F}
	EndGlobalSection
EndGlobal
